
Microsoft Visual Studio Solution File, Format Version 12.00
# Visual Studio Version 17
VisualStudioVersion = 17.3.32819.101
MinimumVisualStudioVersion = 10.0.40219.1
Project("{FAE04EC0-301F-11D3-BF4B-00C04F79EFBC}") = "Labb1", "Labb1\Labb1.csproj", "{8BB4D80B-9B0E-4229-88AB-3817E322EC24}"
EndProject
Global
	GlobalSection(SolutionConfigurationPlatforms) = preSolution
		Debug|Any CPU = Debug|Any CPU
		Release|Any CPU = Release|Any CPU
	EndGlobalSection
	GlobalSection(ProjectConfigurationPlatforms) = postSolution
		{8BB4D80B-9B0E-4229-88AB-3817E322EC24}.Debug|Any CPU.ActiveCfg = Debug|Any CPU
		{8BB4D80B-9B0E-4229-88AB-3817E322EC24}.Debug|Any CPU.Build.0 = Debug|Any CPU
		{8BB4D80B-9B0E-4229-88AB-3817E322EC24}.Release|Any CPU.ActiveCfg = Release|Any CPU
		{8BB4D80B-9B0E-4229-88AB-3817E322EC24}.Release|Any CPU.Build.0 = Release|Any CPU
	EndGlobalSection
	GlobalSection(SolutionProperties) = preSolution
		HideSolutionNode = FALSE
	EndGlobalSection
	GlobalSection(ExtensibilityGlobals) = postSolution
		SolutionGuid = {05B5C5DF-D0C5-4E05-8026-4204CDB76094}
	EndGlobalSection
EndGlobal
